
Microsoft Visual Studio Solution File, Format Version 12.00
# Visual Studio Version 17
VisualStudioVersion = 17.7.34031.279
MinimumVisualStudioVersion = 10.0.40219.1
Project("{9A19103F-16F7-4668-BE54-9A1E7A4F7556}") = "Agenda de tarefas", "Agenda de tarefas.csproj", "{887B6B84-2F61-4A5C-9103-309A5BA87760}"
EndProject
Global
	GlobalSection(SolutionConfigurationPlatforms) = preSolution
		Debug|Any CPU = Debug|Any CPU
		Release|Any CPU = Release|Any CPU
	EndGlobalSection
	GlobalSection(ProjectConfigurationPlatforms) = postSolution
		{887B6B84-2F61-4A5C-9103-309A5BA87760}.Debug|Any CPU.ActiveCfg = Debug|Any CPU
		{887B6B84-2F61-4A5C-9103-309A5BA87760}.Debug|Any CPU.Build.0 = Debug|Any CPU
		{887B6B84-2F61-4A5C-9103-309A5BA87760}.Release|Any CPU.ActiveCfg = Release|Any CPU
		{887B6B84-2F61-4A5C-9103-309A5BA87760}.Release|Any CPU.Build.0 = Release|Any CPU
	EndGlobalSection
	GlobalSection(SolutionProperties) = preSolution
		HideSolutionNode = FALSE
	EndGlobalSection
	GlobalSection(ExtensibilityGlobals) = postSolution
		SolutionGuid = {628102B6-678D-4413-AF93-9B162559433A}
	EndGlobalSection
EndGlobal
